
Microsoft Visual Studio Solution File, Format Version 12.00
# Visual Studio 14
VisualStudioVersion = 14.0.25123.0
MinimumVisualStudioVersion = 10.0.40219.1
Project("{FAE04EC0-301F-11D3-BF4B-00C04F79EFBC}") = "SimpleFractals", "SimpleFractals\SimpleFractals.csproj", "{8905AFAE-1178-43C9-9E49-3FCEF5E31C43}"
EndProject
Project("{FAE04EC0-301F-11D3-BF4B-00C04F79EFBC}") = "Mandelbrot", "Mandelbrot\Mandelbrot.csproj", "{F57302A1-437D-49DD-808D-C13C904A417C}"
EndProject
Global
	GlobalSection(SolutionConfigurationPlatforms) = preSolution
		Debug|Any CPU = Debug|Any CPU
		Release|Any CPU = Release|Any CPU
	EndGlobalSection
	GlobalSection(ProjectConfigurationPlatforms) = postSolution
		{8905AFAE-1178-43C9-9E49-3FCEF5E31C43}.Debug|Any CPU.ActiveCfg = Debug|Any CPU
		{8905AFAE-1178-43C9-9E49-3FCEF5E31C43}.Debug|Any CPU.Build.0 = Debug|Any CPU
		{8905AFAE-1178-43C9-9E49-3FCEF5E31C43}.Release|Any CPU.ActiveCfg = Release|Any CPU
		{8905AFAE-1178-43C9-9E49-3FCEF5E31C43}.Release|Any CPU.Build.0 = Release|Any CPU
		{F57302A1-437D-49DD-808D-C13C904A417C}.Debug|Any CPU.ActiveCfg = Debug|Any CPU
		{F57302A1-437D-49DD-808D-C13C904A417C}.Debug|Any CPU.Build.0 = Debug|Any CPU
		{F57302A1-437D-49DD-808D-C13C904A417C}.Release|Any CPU.ActiveCfg = Release|Any CPU
		{F57302A1-437D-49DD-808D-C13C904A417C}.Release|Any CPU.Build.0 = Release|Any CPU
	EndGlobalSection
	GlobalSection(SolutionProperties) = preSolution
		HideSolutionNode = FALSE
	EndGlobalSection
EndGlobal
